
Microsoft Visual Studio Solution File, Format Version 12.00
# Visual Studio Version 17
VisualStudioVersion = 17.10.35013.160
MinimumVisualStudioVersion = 10.0.40219.1
Project("{FAE04EC0-301F-11D3-BF4B-00C04F79EFBC}") = "IronFactory", "IronFactory\IronFactory.csproj", "{9D394774-2173-47C3-AC11-7E2DBD858E75}"
EndProject
Global
	GlobalSection(SolutionConfigurationPlatforms) = preSolution
		Debug|Any CPU = Debug|Any CPU
		Release|Any CPU = Release|Any CPU
	EndGlobalSection
	GlobalSection(ProjectConfigurationPlatforms) = postSolution
		{9D394774-2173-47C3-AC11-7E2DBD858E75}.Debug|Any CPU.ActiveCfg = Debug|Any CPU
		{9D394774-2173-47C3-AC11-7E2DBD858E75}.Debug|Any CPU.Build.0 = Debug|Any CPU
		{9D394774-2173-47C3-AC11-7E2DBD858E75}.Release|Any CPU.ActiveCfg = Release|Any CPU
		{9D394774-2173-47C3-AC11-7E2DBD858E75}.Release|Any CPU.Build.0 = Release|Any CPU
	EndGlobalSection
	GlobalSection(SolutionProperties) = preSolution
		HideSolutionNode = FALSE
	EndGlobalSection
	GlobalSection(ExtensibilityGlobals) = postSolution
		SolutionGuid = {1921991C-21CF-46F9-8B13-6654A00AF370}
	EndGlobalSection
EndGlobal
